
Microsoft Visual Studio Solution File, Format Version 12.00
# Visual Studio Version 17
VisualStudioVersion = 17.13.35828.75 d17.13
MinimumVisualStudioVersion = 10.0.40219.1
Project("{FAE04EC0-301F-11D3-BF4B-00C04F79EFBC}") = "eCapital.eClipse.InvoiceProcessing.SITDApiSubmission.API", "..\eCapital.eClipse.InvoiceProcessing.SITDApiSubmission.API\eCapital.eClipse.InvoiceProcessing.SITDApiSubmission.API.csproj", "{5975D26C-34E7-9D03-9729-2D20E4707428}"
EndProject
Project("{FAE04EC0-301F-11D3-BF4B-00C04F79EFBC}") = "eCapital.eClipse.InvoiceProcessing.SITDApiSubmission.Client", "..\eCapital.eClipse.InvoiceProcessing.SITDApiSubmission.Client\eCapital.eClipse.InvoiceProcessing.SITDApiSubmission.Client.csproj", "{EE609D6D-933D-8182-1022-A10119A0865A}"
EndProject
Project("{FAE04EC0-301F-11D3-BF4B-00C04F79EFBC}") = "eCapital.eClipse.InvoiceProcessing.SITDApiSubmission.Processor", "..\eCapital.eClipse.InvoiceProcessing.SITDApiSubmission.Processor\eCapital.eClipse.InvoiceProcessing.SITDApiSubmission.Processor.csproj", "{CE71C519-3C45-3A6E-F285-291692C53BC5}"
EndProject
Project("{FAE04EC0-301F-11D3-BF4B-00C04F79EFBC}") = "eCapital.eClipse.InvoiceProcessing.SITDApiSubmission.TraffixApi", "..\eCapital.eClipse.InvoiceProcessing.SITDApiSubmission.TraffixApi\eCapital.eClipse.InvoiceProcessing.SITDApiSubmission.TraffixApi.csproj", "{CBF87891-4C5E-55E3-3DBC-FDF7092CAFE4}"
EndProject
Project("{FAE04EC0-301F-11D3-BF4B-00C04F79EFBC}") = "eCapital.eClipse.InvoiceProcessing.SITDApiSubmission.UnitTests", "..\eCapital.eClipse.InvoiceProcessing.SITDApiSubmission.UnitTests\eCapital.eClipse.InvoiceProcessing.SITDApiSubmission.UnitTests.csproj", "{CCA7E1C8-CFC7-5ED9-81C3-79FBF7B18415}"
EndProject
Global
	GlobalSection(SolutionConfigurationPlatforms) = preSolution
		Debug|Any CPU = Debug|Any CPU
		Release|Any CPU = Release|Any CPU
	EndGlobalSection
	GlobalSection(ProjectConfigurationPlatforms) = postSolution
		{5975D26C-34E7-9D03-9729-2D20E4707428}.Debug|Any CPU.ActiveCfg = Debug|Any CPU
		{5975D26C-34E7-9D03-9729-2D20E4707428}.Debug|Any CPU.Build.0 = Debug|Any CPU
		{5975D26C-34E7-9D03-9729-2D20E4707428}.Release|Any CPU.ActiveCfg = Release|Any CPU
		{5975D26C-34E7-9D03-9729-2D20E4707428}.Release|Any CPU.Build.0 = Release|Any CPU
		{EE609D6D-933D-8182-1022-A10119A0865A}.Debug|Any CPU.ActiveCfg = Debug|Any CPU
		{EE609D6D-933D-8182-1022-A10119A0865A}.Debug|Any CPU.Build.0 = Debug|Any CPU
		{EE609D6D-933D-8182-1022-A10119A0865A}.Release|Any CPU.ActiveCfg = Release|Any CPU
		{EE609D6D-933D-8182-1022-A10119A0865A}.Release|Any CPU.Build.0 = Release|Any CPU
		{CE71C519-3C45-3A6E-F285-291692C53BC5}.Debug|Any CPU.ActiveCfg = Debug|Any CPU
		{CE71C519-3C45-3A6E-F285-291692C53BC5}.Debug|Any CPU.Build.0 = Debug|Any CPU
		{CE71C519-3C45-3A6E-F285-291692C53BC5}.Release|Any CPU.ActiveCfg = Release|Any CPU
		{CE71C519-3C45-3A6E-F285-291692C53BC5}.Release|Any CPU.Build.0 = Release|Any CPU
		{CBF87891-4C5E-55E3-3DBC-FDF7092CAFE4}.Debug|Any CPU.ActiveCfg = Debug|Any CPU
		{CBF87891-4C5E-55E3-3DBC-FDF7092CAFE4}.Debug|Any CPU.Build.0 = Debug|Any CPU
		{CBF87891-4C5E-55E3-3DBC-FDF7092CAFE4}.Release|Any CPU.ActiveCfg = Release|Any CPU
		{CBF87891-4C5E-55E3-3DBC-FDF7092CAFE4}.Release|Any CPU.Build.0 = Release|Any CPU
		{CCA7E1C8-CFC7-5ED9-81C3-79FBF7B18415}.Debug|Any CPU.ActiveCfg = Debug|Any CPU
		{CCA7E1C8-CFC7-5ED9-81C3-79FBF7B18415}.Debug|Any CPU.Build.0 = Debug|Any CPU
		{CCA7E1C8-CFC7-5ED9-81C3-79FBF7B18415}.Release|Any CPU.ActiveCfg = Release|Any CPU
		{CCA7E1C8-CFC7-5ED9-81C3-79FBF7B18415}.Release|Any CPU.Build.0 = Release|Any CPU
	EndGlobalSection
	GlobalSection(SolutionProperties) = preSolution
		HideSolutionNode = FALSE
	EndGlobalSection
	GlobalSection(ExtensibilityGlobals) = postSolution
		SolutionGuid = {4C0067F6-B143-4508-B0F6-F72692807F2B}
	EndGlobalSection
EndGlobal
